{
  "fingerprint": "17149b05bdcda04415f64f363c9a5318c813cc4eef3afffcc008715a1edfb566",
  "schema_version": "sev3/1",
  "sha256": {
    "phases/AGENTS.md": "23255c89ab47f0b3b79c1f8025702e323c34bafcedc1740197092a992024f8bd",
    "phases/EXECUTION_GUIDE.md": "31ee3c57dfe15bee35cee6775ddd8e1932ca879f57145077c52e9600ba8d7c7c",
    "phases/README.md": "0a54b4f380003f9fbd0496d41825d168f5fee5fe76f39b373588079fd20f7741",
    "phases/RELATIONSHIPS.md": "1614e035e452bcd75b51157d780e145cc0c98e65ee1aeb35fbcd309ec1edbd92",
    "phases/ar/INDEX.md": "d4e2500d62802c6b275fbd2022c173c47ede15515326b3755b766e493022ae79",
    "phases/ar/P-001.md": "93865b7f50ccd0f7444c503b21a0de0a0846e11c07120167d45586b764c72069",
    "phases/ar/P-002.md": "7f9e89da0829b0ac8bba32f8f13ece3d99c1e483bbb90399c00866b8702d1daf",
    "phases/ar/P-003.md": "8f1f8c4288ef62d84095dc3c7304be30d418a6ccc70bfd1d34719ad43a264964",
    "phases/context/en/P-001.md": "7261a072a05269ba572e979a636eb3e4487ceb8680e7930f0eb04516da96ea4d",
    "phases/context/en/P-002.md": "2b8b9982f74ec9dd15db224a75cedb4a097d538a802f50a531080fa73cfadceb",
    "phases/context/en/P-003.md": "10a6e7a88ad23b4850c1b918850bf0bdb85863bd193c8d2e54f24572b9476b37",
    "phases/en/INDEX.md": "fc370fc47454bdccd9f6b0e36afb19c999a31fbf7199e8978663a4f65e49a87d",
    "phases/en/P-001.md": "21184dca4730456657b495da66907fbd304f669264e2e6bafa5a6da08b4347a3",
    "phases/en/P-002.md": "ca3d8ee3eff78f636b262131e29cd73173da4f27e17b2107e33bb7a447af50d1",
    "phases/en/P-003.md": "f5f08dae8d8f89b19f3faa817835e0414055ddc0a9a4dbf8a8b2ee23137e33b2",
    "phases/manifest.json": "a39ca4b6723cbd12e39b6026441ff8dc5e8064e8acbecc69a1fde1f43fbe1246",
    "phases/refinement.json": "06a0bf08f74b907035f81cc22b410e407e7b92296a925021d55c77bc66f7410b",
    "phases/relations.json": "1d43f4f2db0b19c3ffb25db1bca4d9f4c36a7817f01607ab1595743c77e2946f",
    "phases/research.md": "ba0a9de647b6d86d656e3a0ebddf3e06eae4e2f6dae65c47ff76d1858b006562",
    "phases/tooling-lock.json": "12fff7dc1b6407f0e2ec783e691650bf0d58ca30ed310ce4988769eb3b11a0be",
    "phases/tools/VERSION": "1e5b51cde515396a9fa762909cf8ca6584ccc564b325d2eebeea76175fe95c4d",
    "phases/tools/phase_context.py": "d1c51fd554e43dfa0297253bda4730dcd3eade5ac65dd6c728292ccb4d9d918d",
    "phases/tools/sev3lib.py": "7436495252004c4865b018821b376436da7cac93f00f6d50135348dfaef390ab",
    "phases/tools/specctl.py": "762e42102be3bb169bb71e3d4b0e603a3bcfb76ec1c3ae7d93dfd7139a2e0468",
    "phases/tools/verify_package.py": "4bb6367591b97fa7b4c0f56a1d1540d13eb6cbe919db1c0d069fe5726e46065c",
    "requirements/ar/INDEX.md": "24a1e7a4cbbbcd5b07a0186f6468d364c2597ac9e6669477286d2af3e037aa38",
    "requirements/ar/note-id.md": "ad636112c35901ca09f4904e7388d3a526564651b78f20c1ac629d9987e8c7f3",
    "requirements/ar/notes.md": "07339bbd7b8cbb34f422f1d97e0e828536b540c39d29f53416c9ec89c37c1e5c",
    "requirements/ar/operations.md": "78cfd427cb7f24d93d3f657498fe75926725b60448c23b0c44f17775d1fa33e7",
    "requirements/ar/safety.md": "a1ee0e46fcf9c64ee79f0a7da20db323aa8c4443b73428e2d3090e133ffe0af7",
    "requirements/en/INDEX.md": "07c6779c055a97b019794ab0671cc2cca87cd33a4bf9d3fb6664d7757a950290",
    "requirements/en/note-id.md": "7ebe9ce5b9e1756b3f0eb68e51fd46ad56acc7b8e4194248db471962fc6fcef5",
    "requirements/en/notes.md": "e5be18999bebf4d48b854a6d93c73a57f0fd7dd0912a2b5b9b740f336ca93fd4",
    "requirements/en/operations.md": "6021a852965069be21a9a20b11b7143942571f9c646bf99fe3fbb72431afdf66",
    "requirements/en/safety.md": "3875963ee9f1d9201c83226b207a53419ae779a09687066c1d92a8af9a593651",
    "requirements/registry.json": "f304faf71772ca8cc8c814c9b6727704af4d0a282631970b1e3e96d8bbbe5045"
  }
}
